
Microsoft Visual Studio Solution File, Format Version 12.00
# Visual Studio Version 16
VisualStudioVersion = 16.0.29020.237
MinimumVisualStudioVersion = 10.0.40219.1
Project("{FAE04EC0-301F-11D3-BF4B-00C04F79EFBC}") = "Sjyftopshoulder", "Sjyftopshoulder\Sjyftopshoulder.csproj", "{0D816F4D-986B-4C94-A966-E47AFB561682}"
EndProject
Global
	GlobalSection(SolutionConfigurationPlatforms) = preSolution
		Debug|Any CPU = Debug|Any CPU
		Release|Any CPU = Release|Any CPU
	EndGlobalSection
	GlobalSection(ProjectConfigurationPlatforms) = postSolution
		{0D816F4D-986B-4C94-A966-E47AFB561682}.Debug|Any CPU.ActiveCfg = Debug|Any CPU
		{0D816F4D-986B-4C94-A966-E47AFB561682}.Debug|Any CPU.Build.0 = Debug|Any CPU
		{0D816F4D-986B-4C94-A966-E47AFB561682}.Release|Any CPU.ActiveCfg = Release|Any CPU
		{0D816F4D-986B-4C94-A966-E47AFB561682}.Release|Any CPU.Build.0 = Release|Any CPU
	EndGlobalSection
	GlobalSection(SolutionProperties) = preSolution
		HideSolutionNode = FALSE
	EndGlobalSection
	GlobalSection(ExtensibilityGlobals) = postSolution
		SolutionGuid = {AA266746-BF52-4F5D-8898-EF51913F310B}
	EndGlobalSection
EndGlobal
